<?xml version="1.0" encoding="utf-8"?>
<Project ToolsVersion="4.0" xmlns="http://schemas.microsoft.com/developer/msbuild/2003">
  <ItemGroup>
    <Filter Include="Application">
      <UniqueIdentifier>{02200403-fc66-4be4-bc3f-ae8ea2e4923d}</UniqueIdentifier>
    </Filter>
    <Filter Include="Render">
      <UniqueIdentifier>{6b045191-5694-46b8-937d-4683fef6b9b9}</UniqueIdentifier>
    </Filter>
    <Filter Include="Render\DX11">
      <UniqueIdentifier>{e0b8f87b-2bb5-4a04-961c-841c921a7ed1}</UniqueIdentifier>
    </Filter>
    <Filter Include="Render\DX11\Resources">
      <UniqueIdentifier>{933224ec-35b3-4766-8702-fa5778da91ea}</UniqueIdentifier>
    </Filter>
    <Filter Include="Render\DX11\Resources\Textures">
      <UniqueIdentifier>{8680a892-0cd2-4f2b-9943-654264803be3}</UniqueIdentifier>
    </Filter>
    <Filter Include="Render\DX11\Resources\Buffers">
      <UniqueIdentifier>{ce751267-4f44-44ee-8c62-46fb6ce94117}</UniqueIdentifier>
    </Filter>
    <Filter Include="Render\DX11\Resources\Views">
      <UniqueIdentifier>{771e9b9e-21a5-48b9-b203-c4a164cd47c5}</UniqueIdentifier>
    </Filter>
    <Filter Include="Util">
      <UniqueIdentifier>{7d873530-8799-4c05-88e0-a2feffd3a2bd}</UniqueIdentifier>
    </Filter>
    <Filter Include="Windowing">
      <UniqueIdentifier>{88ac97e7-1e9e-4f33-877e-2f353bb96968}</UniqueIdentifier>
    </Filter>
    <Filter Include="Windowing\Win32">
      <UniqueIdentifier>{b5923b1a-7613-488e-b667-d8fe1ddf76f3}</UniqueIdentifier>
    </Filter>
  </ItemGroup>
  <ItemGroup>
    <ClInclude Include="RenderDeviceDX11.h">
      <Filter>Render\DX11</Filter>
    </ClInclude>
    <ClInclude Include="Window.h">
      <Filter>Windowing</Filter>
    </ClInclude>
    <ClInclude Include="Types.h">
      <Filter>Util</Filter>
    </ClInclude>
    <ClInclude Include="Platform.h">
      <Filter>Util</Filter>
    </ClInclude>
    <ClInclude Include="StringUtil.h">
      <Filter>Util</Filter>
    </ClInclude>
    <ClInclude Include="Log.h">
      <Filter>Util</Filter>
    </ClInclude>
    <ClInclude Include="Error.h">
      <Filter>Util</Filter>
    </ClInclude>
    <ClInclude Include="WindowWin32.h">
      <Filter>Windowing\Win32</Filter>
    </ClInclude>
    <ClInclude Include="Application.h">
      <Filter>Application</Filter>
    </ClInclude>
    <ClInclude Include="ApplicationWin32.h">
      <Filter>Application</Filter>
    </ClInclude>
    <ClInclude Include="VertexBufferDX11.h">
      <Filter>Render\DX11\Resources\Buffers</Filter>
    </ClInclude>
    <ClInclude Include="IndexBufferDX11.h">
      <Filter>Render\DX11\Resources\Buffers</Filter>
    </ClInclude>
    <ClInclude Include="BufferDX11.h">
      <Filter>Render\DX11\Resources\Buffers</Filter>
    </ClInclude>
    <ClInclude Include="Texture2dDX11.h">
      <Filter>Render\DX11\Resources\Textures</Filter>
    </ClInclude>
    <ClInclude Include="RenderTargetViewDX11.h">
      <Filter>Render\DX11\Resources\Views</Filter>
    </ClInclude>
    <ClInclude Include="ShaderResourceViewDX11.h">
      <Filter>Render\DX11\Resources\Views</Filter>
    </ClInclude>
    <ClInclude Include="BufferConfigDX11.h">
      <Filter>Render\DX11\Resources\Buffers</Filter>
    </ClInclude>
    <ClInclude Include="ResourceData.h">
      <Filter>Render\DX11\Resources</Filter>
    </ClInclude>
    <ClInclude Include="pch.h">
      <Filter>Application</Filter>
    </ClInclude>
    <ClInclude Include="Texture2dConfigDX11.h">
      <Filter>Render\DX11\Resources\Textures</Filter>
    </ClInclude>
    <ClInclude Include="SwapchainConfigDX11.h">
      <Filter>Render\DX11\Resources</Filter>
    </ClInclude>
    <ClInclude Include="Resource.h">
      <Filter>Render\DX11\Resources</Filter>
    </ClInclude>
  </ItemGroup>
  <ItemGroup>
    <ClCompile Include="IWndProc.h">
      <Filter>Windowing</Filter>
    </ClCompile>
    <ClCompile Include="BufferDX11.cpp">
      <Filter>Render\DX11\Resources\Buffers</Filter>
    </ClCompile>
    <ClCompile Include="IndexBufferDX11.cpp">
      <Filter>Render\DX11\Resources\Buffers</Filter>
    </ClCompile>
    <ClCompile Include="VertexBufferDX11.cpp">
      <Filter>Render\DX11\Resources\Buffers</Filter>
    </ClCompile>
    <ClCompile Include="BufferConfigDX11.cpp">
      <Filter>Render\DX11\Resources\Buffers</Filter>
    </ClCompile>
    <ClCompile Include="Texture2dDX11.cpp">
      <Filter>Render\DX11\Resources\Textures</Filter>
    </ClCompile>
    <ClCompile Include="RenderDeviceDX11.cpp">
      <Filter>Render\DX11</Filter>
    </ClCompile>
    <ClCompile Include="Window.cpp">
      <Filter>Windowing</Filter>
    </ClCompile>
    <ClCompile Include="WindowWin32.cpp">
      <Filter>Windowing</Filter>
    </ClCompile>
    <ClCompile Include="ApplicationWin32.cpp">
      <Filter>Application</Filter>
    </ClCompile>
    <ClCompile Include="Log.cpp">
      <Filter>Util</Filter>
    </ClCompile>
    <ClCompile Include="StringUtil.cpp">
      <Filter>Util</Filter>
    </ClCompile>
    <ClCompile Include="Application.cpp">
      <Filter>Application</Filter>
    </ClCompile>
    <ClCompile Include="main.cpp">
      <Filter>Application</Filter>
    </ClCompile>
    <ClCompile Include="pch.cpp">
      <Filter>Application</Filter>
    </ClCompile>
    <ClCompile Include="Texture2dConfigDX11.cpp">
      <Filter>Render\DX11\Resources\Textures</Filter>
    </ClCompile>
  </ItemGroup>
</Project>